{
  "name": "v2-core",
  "lockfileVersion": 2,
  "requires": true,
  "packages": {
    "": {
      "dependencies": {
        "@synthetixio/core-contracts": "^1.1.1"
      }
    },
    "node_modules/@synthetixio/core-contracts": {
      "version": "1.1.1",
      "resolved": "https://registry.npmjs.org/@synthetixio/core-contracts/-/core-contracts-1.1.1.tgz",
      "integrity": "sha512-lwxgN/ZTXC0Hu4n86TFXyGF17+tytMvG2FJx0xf1DsBTbLhOcYUT++LB2PVI6AEIE91lKghoZwA1Fmza+NBOaA=="
    }
  },
  "dependencies": {
    "@synthetixio/core-contracts": {
      "version": "1.1.1",
      "resolved": "https://registry.npmjs.org/@synthetixio/core-contracts/-/core-contracts-1.1.1.tgz",
      "integrity": "sha512-lwxgN/ZTXC0Hu4n86TFXyGF17+tytMvG2FJx0xf1DsBTbLhOcYUT++LB2PVI6AEIE91lKghoZwA1Fmza+NBOaA=="
    }
  }
}
